// !$*UTF8*$!
{
	archiveVersion = 1;
	classes = {
	};
	objectVersion = 46;
	objects = {

/* Begin PBXBuildFile section */
		A51E977D1E22687100E2FCEF /* logo_header.png in Resources */ = {isa = PBXBuildFile; fileRef = A51E977C1E22687000E2FCEF /* logo_header.png */; };
		A51E97881E2289A200E2FCEF /* call1.mp3 in Resources */ = {isa = PBXBuildFile; fileRef = A51E97801E2289A200E2FCEF /* call1.mp3 */; };
		A51E97891E2289A200E2FCEF /* call3.mp3 in Resources */ = {isa = PBXBuildFile; fileRef = A51E97811E2289A200E2FCEF /* call3.mp3 */; };
		A51E978A1E2289A200E2FCEF /* call7.mp3 in Resources */ = {isa = PBXBuildFile; fileRef = A51E97821E2289A200E2FCEF /* call7.mp3 */; };
		A51E978C1E2289A200E2FCEF /* call5.mp3 in Resources */ = {isa = PBXBuildFile; fileRef = A51E97841E2289A200E2FCEF /* call5.mp3 */; };
		A51E978D1E2289A200E2FCEF /* call6.mp3 in Resources */ = {isa = PBXBuildFile; fileRef = A51E97851E2289A200E2FCEF /* call6.mp3 */; };
		A51E978E1E2289A200E2FCEF /* call4.mp3 in Resources */ = {isa = PBXBuildFile; fileRef = A51E97861E2289A200E2FCEF /* call4.mp3 */; };
		A51E978F1E2289A200E2FCEF /* call2.mp3 in Resources */ = {isa = PBXBuildFile; fileRef = A51E97871E2289A200E2FCEF /* call2.mp3 */; };
		A51E97981E228A6800E2FCEF /* l8.mp3 in Resources */ = {isa = PBXBuildFile; fileRef = A51E97901E228A6800E2FCEF /* l8.mp3 */; };
		A51E97991E228A6800E2FCEF /* l7.mp3 in Resources */ = {isa = PBXBuildFile; fileRef = A51E97911E228A6800E2FCEF /* l7.mp3 */; };
		A51E979A1E228A6800E2FCEF /* l2.mp3 in Resources */ = {isa = PBXBuildFile; fileRef = A51E97921E228A6800E2FCEF /* l2.mp3 */; };
		A51E979B1E228A6800E2FCEF /* l4.mp3 in Resources */ = {isa = PBXBuildFile; fileRef = A51E97931E228A6800E2FCEF /* l4.mp3 */; };
		A51E979C1E228A6800E2FCEF /* l3.mp3 in Resources */ = {isa = PBXBuildFile; fileRef = A51E97941E228A6800E2FCEF /* l3.mp3 */; };
		A51E979D1E228A6800E2FCEF /* l6.mp3 in Resources */ = {isa = PBXBuildFile; fileRef = A51E97951E228A6800E2FCEF /* l6.mp3 */; };
		A51E979E1E228A6800E2FCEF /* l5.mp3 in Resources */ = {isa = PBXBuildFile; fileRef = A51E97961E228A6800E2FCEF /* l5.mp3 */; };
		A51E979F1E228A6800E2FCEF /* l1.mp3 in Resources */ = {isa = PBXBuildFile; fileRef = A51E97971E228A6800E2FCEF /* l1.mp3 */; };
		A51E97A71E228A7300E2FCEF /* d7.mp3 in Resources */ = {isa = PBXBuildFile; fileRef = A51E97A01E228A7300E2FCEF /* d7.mp3 */; };
		A51E97A81E228A7300E2FCEF /* d6.mp3 in Resources */ = {isa = PBXBuildFile; fileRef = A51E97A11E228A7300E2FCEF /* d6.mp3 */; };
		A51E97A91E228A7300E2FCEF /* d5.mp3 in Resources */ = {isa = PBXBuildFile; fileRef = A51E97A21E228A7300E2FCEF /* d5.mp3 */; };
		A51E97AA1E228A7300E2FCEF /* d4.mp3 in Resources */ = {isa = PBXBuildFile; fileRef = A51E97A31E228A7300E2FCEF /* d4.mp3 */; };
		A51E97AB1E228A7300E2FCEF /* d3.mp3 in Resources */ = {isa = PBXBuildFile; fileRef = A51E97A41E228A7300E2FCEF /* d3.mp3 */; };
		A51E97AC1E228A7300E2FCEF /* d2.mp3 in Resources */ = {isa = PBXBuildFile; fileRef = A51E97A51E228A7300E2FCEF /* d2.mp3 */; };
		A51E97AD1E228A7300E2FCEF /* d1.mp3 in Resources */ = {isa = PBXBuildFile; fileRef = A51E97A61E228A7300E2FCEF /* d1.mp3 */; };
		A578B8C91E11167C00157A6B /* AppDelegate.swift in Sources */ = {isa = PBXBuildFile; fileRef = A578B8C81E11167C00157A6B /* AppDelegate.swift */; };
		A578B8CB1E11167C00157A6B /* ViewController.swift in Sources */ = {isa = PBXBuildFile; fileRef = A578B8CA1E11167C00157A6B /* ViewController.swift */; };
		A578B8CE1E11167C00157A6B /* Main.storyboard in Resources */ = {isa = PBXBuildFile; fileRef = A578B8CC1E11167C00157A6B /* Main.storyboard */; };
		A578B8D01E11167C00157A6B /* Assets.xcassets in Resources */ = {isa = PBXBuildFile; fileRef = A578B8CF1E11167C00157A6B /* Assets.xcassets */; };
		A578B8D31E11167C00157A6B /* LaunchScreen.storyboard in Resources */ = {isa = PBXBuildFile; fileRef = A578B8D11E11167C00157A6B /* LaunchScreen.storyboard */; };
		A578B8DE1E11167D00157A6B /* bonnie_soundboardTests.swift in Sources */ = {isa = PBXBuildFile; fileRef = A578B8DD1E11167D00157A6B /* bonnie_soundboardTests.swift */; };
		A578B8E91E11167D00157A6B /* bonnie_soundboardUITests.swift in Sources */ = {isa = PBXBuildFile; fileRef = A578B8E81E11167D00157A6B /* bonnie_soundboardUITests.swift */; };
		A578B8FA1E11169500157A6B /* bg.png in Resources */ = {isa = PBXBuildFile; fileRef = A578B8F61E11169500157A6B /* bg.png */; };
		A578B9051E111D8B00157A6B /* Sequence 01.mp3 in Resources */ = {isa = PBXBuildFile; fileRef = A578B9041E111D8B00157A6B /* Sequence 01.mp3 */; };
/* End PBXBuildFile section */

/* Begin PBXContainerItemProxy section */
		A578B8DA1E11167D00157A6B /* PBXContainerItemProxy */ = {
			isa = PBXContainerItemProxy;
			containerPortal = A578B8BD1E11167C00157A6B /* Project object */;
			proxyType = 1;
			remoteGlobalIDString = A578B8C41E11167C00157A6B;
			remoteInfo = "bonnie soundboard";
		};
		A578B8E51E11167D00157A6B /* PBXContainerItemProxy */ = {
			isa = PBXContainerItemProxy;
			containerPortal = A578B8BD1E11167C00157A6B /* Project object */;
			proxyType = 1;
			remoteGlobalIDString = A578B8C41E11167C00157A6B;
			remoteInfo = "bonnie soundboard";
		};
/* End PBXContainerItemProxy section */

/* Begin PBXFileReference section */
		A51E977C1E22687000E2FCEF /* logo_header.png */ = {isa = PBXFileReference; lastKnownFileType = image.png; path = logo_header.png; sourceTree = "<group>"; };
		A51E97801E2289A200E2FCEF /* call1.mp3 */ = {isa = PBXFileReference; lastKnownFileType = audio.mp3; path = call1.mp3; sourceTree = "<group>"; };
		A51E97811E2289A200E2FCEF /* call3.mp3 */ = {isa = PBXFileReference; lastKnownFileType = audio.mp3; path = call3.mp3; sourceTree = "<group>"; };
		A51E97821E2289A200E2FCEF /* call7.mp3 */ = {isa = PBXFileReference; lastKnownFileType = audio.mp3; path = call7.mp3; sourceTree = "<group>"; };
		A51E97841E2289A200E2FCEF /* call5.mp3 */ = {isa = PBXFileReference; lastKnownFileType = audio.mp3; path = call5.mp3; sourceTree = "<group>"; };
		A51E97851E2289A200E2FCEF /* call6.mp3 */ = {isa = PBXFileReference; lastKnownFileType = audio.mp3; path = call6.mp3; sourceTree = "<group>"; };
		A51E97861E2289A200E2FCEF /* call4.mp3 */ = {isa = PBXFileReference; lastKnownFileType = audio.mp3; path = call4.mp3; sourceTree = "<group>"; };
		A51E97871E2289A200E2FCEF /* call2.mp3 */ = {isa = PBXFileReference; lastKnownFileType = audio.mp3; path = call2.mp3; sourceTree = "<group>"; };
		A51E97901E228A6800E2FCEF /* l8.mp3 */ = {isa = PBXFileReference; lastKnownFileType = audio.mp3; path = l8.mp3; sourceTree = "<group>"; };
		A51E97911E228A6800E2FCEF /* l7.mp3 */ = {isa = PBXFileReference; lastKnownFileType = audio.mp3; path = l7.mp3; sourceTree = "<group>"; };
		A51E97921E228A6800E2FCEF /* l2.mp3 */ = {isa = PBXFileReference; lastKnownFileType = audio.mp3; path = l2.mp3; sourceTree = "<group>"; };
		A51E97931E228A6800E2FCEF /* l4.mp3 */ = {isa = PBXFileReference; lastKnownFileType = audio.mp3; path = l4.mp3; sourceTree = "<group>"; };
		A51E97941E228A6800E2FCEF /* l3.mp3 */ = {isa = PBXFileReference; lastKnownFileType = audio.mp3; path = l3.mp3; sourceTree = "<group>"; };
		A51E97951E228A6800E2FCEF /* l6.mp3 */ = {isa = PBXFileReference; lastKnownFileType = audio.mp3; path = l6.mp3; sourceTree = "<group>"; };
		A51E97961E228A6800E2FCEF /* l5.mp3 */ = {isa = PBXFileReference; lastKnownFileType = audio.mp3; path = l5.mp3; sourceTree = "<group>"; };
		A51E97971E228A6800E2FCEF /* l1.mp3 */ = {isa = PBXFileReference; lastKnownFileType = audio.mp3; path = l1.mp3; sourceTree = "<group>"; };
		A51E97A01E228A7300E2FCEF /* d7.mp3 */ = {isa = PBXFileReference; lastKnownFileType = audio.mp3; path = d7.mp3; sourceTree = "<group>"; };
		A51E97A11E228A7300E2FCEF /* d6.mp3 */ = {isa = PBXFileReference; lastKnownFileType = audio.mp3; path = d6.mp3; sourceTree = "<group>"; };
		A51E97A21E228A7300E2FCEF /* d5.mp3 */ = {isa = PBXFileReference; lastKnownFileType = audio.mp3; path = d5.mp3; sourceTree = "<group>"; };
		A51E97A31E228A7300E2FCEF /* d4.mp3 */ = {isa = PBXFileReference; lastKnownFileType = audio.mp3; path = d4.mp3; sourceTree = "<group>"; };
		A51E97A41E228A7300E2FCEF /* d3.mp3 */ = {isa = PBXFileReference; lastKnownFileType = audio.mp3; path = d3.mp3; sourceTree = "<group>"; };
		A51E97A51E228A7300E2FCEF /* d2.mp3 */ = {isa = PBXFileReference; lastKnownFileType = audio.mp3; path = d2.mp3; sourceTree = "<group>"; };
		A51E97A61E228A7300E2FCEF /* d1.mp3 */ = {isa = PBXFileReference; lastKnownFileType = audio.mp3; path = d1.mp3; sourceTree = "<group>"; };
		A578B8C51E11167C00157A6B /* bonnie soundboard.app */ = {isa = PBXFileReference; explicitFileType = wrapper.application; includeInIndex = 0; path = "bonnie soundboard.app"; sourceTree = BUILT_PRODUCTS_DIR; };
		A578B8C81E11167C00157A6B /* AppDelegate.swift */ = {isa = PBXFileReference; lastKnownFileType = sourcecode.swift; path = AppDelegate.swift; sourceTree = "<group>"; };
		A578B8CA1E11167C00157A6B /* ViewController.swift */ = {isa = PBXFileReference; lastKnownFileType = sourcecode.swift; path = ViewController.swift; sourceTree = "<group>"; };
		A578B8CD1E11167C00157A6B /* Base */ = {isa = PBXFileReference; lastKnownFileType = file.storyboard; name = Base; path = Base.lproj/Main.storyboard; sourceTree = "<group>"; };
		A578B8CF1E11167C00157A6B /* Assets.xcassets */ = {isa = PBXFileReference; lastKnownFileType = folder.assetcatalog; path = Assets.xcassets; sourceTree = "<group>"; };
		A578B8D21E11167C00157A6B /* Base */ = {isa = PBXFileReference; lastKnownFileType = file.storyboard; name = Base; path = Base.lproj/LaunchScreen.storyboard; sourceTree = "<group>"; };
		A578B8D41E11167C00157A6B /* Info.plist */ = {isa = PBXFileReference; lastKnownFileType = text.plist.xml; path = Info.plist; sourceTree = "<group>"; };
		A578B8D91E11167D00157A6B /* bonnie soundboardTests.xctest */ = {isa = PBXFileReference; explicitFileType = wrapper.cfbundle; includeInIndex = 0; path = "bonnie soundboardTests.xctest"; sourceTree = BUILT_PRODUCTS_DIR; };
		A578B8DD1E11167D00157A6B /* bonnie_soundboardTests.swift */ = {isa = PBXFileReference; lastKnownFileType = sourcecode.swift; path = bonnie_soundboardTests.swift; sourceTree = "<group>"; };
		A578B8DF1E11167D00157A6B /* Info.plist */ = {isa = PBXFileReference; lastKnownFileType = text.plist.xml; path = Info.plist; sourceTree = "<group>"; };
		A578B8E41E11167D00157A6B /* bonnie soundboardUITests.xctest */ = {isa = PBXFileReference; explicitFileType = wrapper.cfbundle; includeInIndex = 0; path = "bonnie soundboardUITests.xctest"; sourceTree = BUILT_PRODUCTS_DIR; };
		A578B8E81E11167D00157A6B /* bonnie_soundboardUITests.swift */ = {isa = PBXFileReference; lastKnownFileType = sourcecode.swift; path = bonnie_soundboardUITests.swift; sourceTree = "<group>"; };
		A578B8EA1E11167D00157A6B /* Info.plist */ = {isa = PBXFileReference; lastKnownFileType = text.plist.xml; path = Info.plist; sourceTree = "<group>"; };
		A578B8F61E11169500157A6B /* bg.png */ = {isa = PBXFileReference; lastKnownFileType = image.png; path = bg.png; sourceTree = "<group>"; };
		A578B9041E111D8B00157A6B /* Sequence 01.mp3 */ = {isa = PBXFileReference; lastKnownFileType = audio.mp3; path = "Sequence 01.mp3"; sourceTree = "<group>"; };
/* End PBXFileReference section */

/* Begin PBXFrameworksBuildPhase section */
		A578B8C21E11167C00157A6B /* Frameworks */ = {
			isa = PBXFrameworksBuildPhase;
			buildActionMask = 2147483647;
			files = (
			);
			runOnlyForDeploymentPostprocessing = 0;
		};
		A578B8D61E11167D00157A6B /* Frameworks */ = {
			isa = PBXFrameworksBuildPhase;
			buildActionMask = 2147483647;
			files = (
			);
			runOnlyForDeploymentPostprocessing = 0;
		};
		A578B8E11E11167D00157A6B /* Frameworks */ = {
			isa = PBXFrameworksBuildPhase;
			buildActionMask = 2147483647;
			files = (
			);
			runOnlyForDeploymentPostprocessing = 0;
		};
/* End PBXFrameworksBuildPhase section */

/* Begin PBXGroup section */
		A578B8BC1E11167C00157A6B = {
			isa = PBXGroup;
			children = (
				A51E97801E2289A200E2FCEF /* call1.mp3 */,
				A51E97811E2289A200E2FCEF /* call3.mp3 */,
				A51E97821E2289A200E2FCEF /* call7.mp3 */,
				A51E97841E2289A200E2FCEF /* call5.mp3 */,
				A51E97851E2289A200E2FCEF /* call6.mp3 */,
				A51E97861E2289A200E2FCEF /* call4.mp3 */,
				A51E97871E2289A200E2FCEF /* call2.mp3 */,
				A578B9041E111D8B00157A6B /* Sequence 01.mp3 */,
				A51E97A01E228A7300E2FCEF /* d7.mp3 */,
				A51E97A11E228A7300E2FCEF /* d6.mp3 */,
				A51E97A21E228A7300E2FCEF /* d5.mp3 */,
				A51E97A31E228A7300E2FCEF /* d4.mp3 */,
				A51E97A41E228A7300E2FCEF /* d3.mp3 */,
				A51E97A51E228A7300E2FCEF /* d2.mp3 */,
				A51E97A61E228A7300E2FCEF /* d1.mp3 */,
				A51E97901E228A6800E2FCEF /* l8.mp3 */,
				A51E97911E228A6800E2FCEF /* l7.mp3 */,
				A51E97921E228A6800E2FCEF /* l2.mp3 */,
				A51E97931E228A6800E2FCEF /* l4.mp3 */,
				A51E97941E228A6800E2FCEF /* l3.mp3 */,
				A51E97951E228A6800E2FCEF /* l6.mp3 */,
				A51E97961E228A6800E2FCEF /* l5.mp3 */,
				A51E97971E228A6800E2FCEF /* l1.mp3 */,
				A578B8C71E11167C00157A6B /* bonnie soundboard */,
				A578B8DC1E11167D00157A6B /* bonnie soundboardTests */,
				A578B8E71E11167D00157A6B /* bonnie soundboardUITests */,
				A578B8C61E11167C00157A6B /* Products */,
			);
			sourceTree = "<group>";
		};
		A578B8C61E11167C00157A6B /* Products */ = {
			isa = PBXGroup;
			children = (
				A578B8C51E11167C00157A6B /* bonnie soundboard.app */,
				A578B8D91E11167D00157A6B /* bonnie soundboardTests.xctest */,
				A578B8E41E11167D00157A6B /* bonnie soundboardUITests.xctest */,
			);
			name = Products;
			sourceTree = "<group>";
		};
		A578B8C71E11167C00157A6B /* bonnie soundboard */ = {
			isa = PBXGroup;
			children = (
				A578B8C81E11167C00157A6B /* AppDelegate.swift */,
				A578B8CA1E11167C00157A6B /* ViewController.swift */,
				A578B8CC1E11167C00157A6B /* Main.storyboard */,
				A51E977C1E22687000E2FCEF /* logo_header.png */,
				A578B8F61E11169500157A6B /* bg.png */,
				A578B8CF1E11167C00157A6B /* Assets.xcassets */,
				A578B8D11E11167C00157A6B /* LaunchScreen.storyboard */,
				A578B8D41E11167C00157A6B /* Info.plist */,
			);
			path = "bonnie soundboard";
			sourceTree = "<group>";
		};
		A578B8DC1E11167D00157A6B /* bonnie soundboardTests */ = {
			isa = PBXGroup;
			children = (
				A578B8DD1E11167D00157A6B /* bonnie_soundboardTests.swift */,
				A578B8DF1E11167D00157A6B /* Info.plist */,
			);
			path = "bonnie soundboardTests";
			sourceTree = "<group>";
		};
		A578B8E71E11167D00157A6B /* bonnie soundboardUITests */ = {
			isa = PBXGroup;
			children = (
				A578B8E81E11167D00157A6B /* bonnie_soundboardUITests.swift */,
				A578B8EA1E11167D00157A6B /* Info.plist */,
			);
			path = "bonnie soundboardUITests";
			sourceTree = "<group>";
		};
/* End PBXGroup section */

/* Begin PBXNativeTarget section */
		A578B8C41E11167C00157A6B /* bonnie soundboard */ = {
			isa = PBXNativeTarget;
			buildConfigurationList = A578B8ED1E11167D00157A6B /* Build configuration list for PBXNativeTarget "bonnie soundboard" */;
			buildPhases = (
				A578B8C11E11167C00157A6B /* Sources */,
				A578B8C21E11167C00157A6B /* Frameworks */,
				A578B8C31E11167C00157A6B /* Resources */,
			);
			buildRules = (
			);
			dependencies = (
			);
			name = "bonnie soundboard";
			productName = "bonnie soundboard";
			productReference = A578B8C51E11167C00157A6B /* bonnie soundboard.app */;
			productType = "com.apple.product-type.application";
		};
		A578B8D81E11167D00157A6B /* bonnie soundboardTests */ = {
			isa = PBXNativeTarget;
			buildConfigurationList = A578B8F01E11167D00157A6B /* Build configuration list for PBXNativeTarget "bonnie soundboardTests" */;
			buildPhases = (
				A578B8D51E11167D00157A6B /* Sources */,
				A578B8D61E11167D00157A6B /* Frameworks */,
				A578B8D71E11167D00157A6B /* Resources */,
			);
			buildRules = (
			);
			dependencies = (
				A578B8DB1E11167D00157A6B /* PBXTargetDependency */,
			);
			name = "bonnie soundboardTests";
			productName = "bonnie soundboardTests";
			productReference = A578B8D91E11167D00157A6B /* bonnie soundboardTests.xctest */;
			productType = "com.apple.product-type.bundle.unit-test";
		};
		A578B8E31E11167D00157A6B /* bonnie soundboardUITests */ = {
			isa = PBXNativeTarget;
			buildConfigurationList = A578B8F31E11167D00157A6B /* Build configuration list for PBXNativeTarget "bonnie soundboardUITests" */;
			buildPhases = (
				A578B8E01E11167D00157A6B /* Sources */,
				A578B8E11E11167D00157A6B /* Frameworks */,
				A578B8E21E11167D00157A6B /* Resources */,
			);
			buildRules = (
			);
			dependencies = (
				A578B8E61E11167D00157A6B /* PBXTargetDependency */,
			);
			name = "bonnie soundboardUITests";
			productName = "bonnie soundboardUITests";
			productReference = A578B8E41E11167D00157A6B /* bonnie soundboardUITests.xctest */;
			productType = "com.apple.product-type.bundle.ui-testing";
		};
/* End PBXNativeTarget section */

/* Begin PBXProject section */
		A578B8BD1E11167C00157A6B /* Project object */ = {
			isa = PBXProject;
			attributes = {
				LastSwiftUpdateCheck = 0820;
				LastUpgradeCheck = 0820;
				ORGANIZATIONNAME = "Naveed Ahmed";
				TargetAttributes = {
					A578B8C41E11167C00157A6B = {
						CreatedOnToolsVersion = 8.2.1;
						DevelopmentTeam = ANH9Q266BN;
						ProvisioningStyle = Manual;
					};
					A578B8D81E11167D00157A6B = {
						CreatedOnToolsVersion = 8.2.1;
						DevelopmentTeam = ANH9Q266BN;
						ProvisioningStyle = Automatic;
						TestTargetID = A578B8C41E11167C00157A6B;
					};
					A578B8E31E11167D00157A6B = {
						CreatedOnToolsVersion = 8.2.1;
						DevelopmentTeam = ANH9Q266BN;
						ProvisioningStyle = Automatic;
						TestTargetID = A578B8C41E11167C00157A6B;
					};
				};
			};
			buildConfigurationList = A578B8C01E11167C00157A6B /* Build configuration list for PBXProject "bonnie soundboard" */;
			compatibilityVersion = "Xcode 3.2";
			developmentRegion = English;
			hasScannedForEncodings = 0;
			knownRegions = (
				en,
				Base,
			);
			mainGroup = A578B8BC1E11167C00157A6B;
			productRefGroup = A578B8C61E11167C00157A6B /* Products */;
			projectDirPath = "";
			projectRoot = "";
			targets = (
				A578B8C41E11167C00157A6B /* bonnie soundboard */,
				A578B8D81E11167D00157A6B /* bonnie soundboardTests */,
				A578B8E31E11167D00157A6B /* bonnie soundboardUITests */,
			);
		};
/* End PBXProject section */

/* Begin PBXResourcesBuildPhase section */
		A578B8C31E11167C00157A6B /* Resources */ = {
			isa = PBXResourcesBuildPhase;
			buildActionMask = 2147483647;
			files = (
				A578B8D31E11167C00157A6B /* LaunchScreen.storyboard in Resources */,
				A51E979B1E228A6800E2FCEF /* l4.mp3 in Resources */,
				A51E97A71E228A7300E2FCEF /* d7.mp3 in Resources */,
				A51E979C1E228A6800E2FCEF /* l3.mp3 in Resources */,
				A51E97A81E228A7300E2FCEF /* d6.mp3 in Resources */,
				A578B8D01E11167C00157A6B /* Assets.xcassets in Resources */,
				A51E97881E2289A200E2FCEF /* call1.mp3 in Resources */,
				A51E97AB1E228A7300E2FCEF /* d3.mp3 in Resources */,
				A578B8FA1E11169500157A6B /* bg.png in Resources */,
				A51E97AA1E228A7300E2FCEF /* d4.mp3 in Resources */,
				A51E978E1E2289A200E2FCEF /* call4.mp3 in Resources */,
				A51E978F1E2289A200E2FCEF /* call2.mp3 in Resources */,
				A51E97891E2289A200E2FCEF /* call3.mp3 in Resources */,
				A51E978C1E2289A200E2FCEF /* call5.mp3 in Resources */,
				A578B9051E111D8B00157A6B /* Sequence 01.mp3 in Resources */,
				A51E979F1E228A6800E2FCEF /* l1.mp3 in Resources */,
				A51E97AD1E228A7300E2FCEF /* d1.mp3 in Resources */,
				A578B8CE1E11167C00157A6B /* Main.storyboard in Resources */,
				A51E977D1E22687100E2FCEF /* logo_header.png in Resources */,
				A51E97A91E228A7300E2FCEF /* d5.mp3 in Resources */,
				A51E97991E228A6800E2FCEF /* l7.mp3 in Resources */,
				A51E978A1E2289A200E2FCEF /* call7.mp3 in Resources */,
				A51E979A1E228A6800E2FCEF /* l2.mp3 in Resources */,
				A51E97AC1E228A7300E2FCEF /* d2.mp3 in Resources */,
				A51E979E1E228A6800E2FCEF /* l5.mp3 in Resources */,
				A51E97981E228A6800E2FCEF /* l8.mp3 in Resources */,
				A51E978D1E2289A200E2FCEF /* call6.mp3 in Resources */,
				A51E979D1E228A6800E2FCEF /* l6.mp3 in Resources */,
			);
			runOnlyForDeploymentPostprocessing = 0;
		};
		A578B8D71E11167D00157A6B /* Resources */ = {
			isa = PBXResourcesBuildPhase;
			buildActionMask = 2147483647;
			files = (
			);
			runOnlyForDeploymentPostprocessing = 0;
		};
		A578B8E21E11167D00157A6B /* Resources */ = {
			isa = PBXResourcesBuildPhase;
			buildActionMask = 2147483647;
			files = (
			);
			runOnlyForDeploymentPostprocessing = 0;
		};
/* End PBXResourcesBuildPhase section */

/* Begin PBXSourcesBuildPhase section */
		A578B8C11E11167C00157A6B /* Sources */ = {
			isa = PBXSourcesBuildPhase;
			buildActionMask = 2147483647;
			files = (
				A578B8CB1E11167C00157A6B /* ViewController.swift in Sources */,
				A578B8C91E11167C00157A6B /* AppDelegate.swift in Sources */,
			);
			runOnlyForDeploymentPostprocessing = 0;
		};
		A578B8D51E11167D00157A6B /* Sources */ = {
			isa = PBXSourcesBuildPhase;
			buildActionMask = 2147483647;
			files = (
				A578B8DE1E11167D00157A6B /* bonnie_soundboardTests.swift in Sources */,
			);
			runOnlyForDeploymentPostprocessing = 0;
		};
		A578B8E01E11167D00157A6B /* Sources */ = {
			isa = PBXSourcesBuildPhase;
			buildActionMask = 2147483647;
			files = (
				A578B8E91E11167D00157A6B /* bonnie_soundboardUITests.swift in Sources */,
			);
			runOnlyForDeploymentPostprocessing = 0;
		};
/* End PBXSourcesBuildPhase section */

/* Begin PBXTargetDependency section */
		A578B8DB1E11167D00157A6B /* PBXTargetDependency */ = {
			isa = PBXTargetDependency;
			target = A578B8C41E11167C00157A6B /* bonnie soundboard */;
			targetProxy = A578B8DA1E11167D00157A6B /* PBXContainerItemProxy */;
		};
		A578B8E61E11167D00157A6B /* PBXTargetDependency */ = {
			isa = PBXTargetDependency;
			target = A578B8C41E11167C00157A6B /* bonnie soundboard */;
			targetProxy = A578B8E51E11167D00157A6B /* PBXContainerItemProxy */;
		};
/* End PBXTargetDependency section */

/* Begin PBXVariantGroup section */
		A578B8CC1E11167C00157A6B /* Main.storyboard */ = {
			isa = PBXVariantGroup;
			children = (
				A578B8CD1E11167C00157A6B /* Base */,
			);
			name = Main.storyboard;
			sourceTree = "<group>";
		};
		A578B8D11E11167C00157A6B /* LaunchScreen.storyboard */ = {
			isa = PBXVariantGroup;
			children = (
				A578B8D21E11167C00157A6B /* Base */,
			);
			name = LaunchScreen.storyboard;
			sourceTree = "<group>";
		};
/* End PBXVariantGroup section */

/* Begin XCBuildConfiguration section */
		A578B8EB1E11167D00157A6B /* Debug */ = {
			isa = XCBuildConfiguration;
			buildSettings = {
				ALWAYS_SEARCH_USER_PATHS = NO;
				CLANG_ANALYZER_NONNULL = YES;
				CLANG_CXX_LANGUAGE_STANDARD = "gnu++0x";
				CLANG_CXX_LIBRARY = "libc++";
				CLANG_ENABLE_MODULES = YES;
				CLANG_ENABLE_OBJC_ARC = YES;
				CLANG_WARN_BOOL_CONVERSION = YES;
				CLANG_WARN_CONSTANT_CONVERSION = YES;
				CLANG_WARN_DIRECT_OBJC_ISA_USAGE = YES_ERROR;
				CLANG_WARN_DOCUMENTATION_COMMENTS = YES;
				CLANG_WARN_EMPTY_BODY = YES;
				CLANG_WARN_ENUM_CONVERSION = YES;
				CLANG_WARN_INFINITE_RECURSION = YES;
				CLANG_WARN_INT_CONVERSION = YES;
				CLANG_WARN_OBJC_ROOT_CLASS = YES_ERROR;
				CLANG_WARN_SUSPICIOUS_MOVE = YES;
				CLANG_WARN_UNREACHABLE_CODE = YES;
				CLANG_WARN__DUPLICATE_METHOD_MATCH = YES;
				CODE_SIGN_IDENTITY = "iPhone Distribution: Naveed Ahmed (ANH9Q266BN)";
				"CODE_SIGN_IDENTITY[sdk=iphoneos*]" = "iPhone Distribution: Naveed Ahmed (ANH9Q266BN)";
				COPY_PHASE_STRIP = NO;
				DEBUG_INFORMATION_FORMAT = dwarf;
				DEVELOPMENT_TEAM = ANH9Q266BN;
				ENABLE_STRICT_OBJC_MSGSEND = YES;
				ENABLE_TESTABILITY = YES;
				GCC_C_LANGUAGE_STANDARD = gnu99;
				GCC_DYNAMIC_NO_PIC = NO;
				GCC_NO_COMMON_BLOCKS = YES;
				GCC_OPTIMIZATION_LEVEL = 0;
				GCC_PREPROCESSOR_DEFINITIONS = (
					"DEBUG=1",
					"$(inherited)",
				);
				GCC_WARN_64_TO_32_BIT_CONVERSION = YES;
				GCC_WARN_ABOUT_RETURN_TYPE = YES_ERROR;
				GCC_WARN_UNDECLARED_SELECTOR = YES;
				GCC_WARN_UNINITIALIZED_AUTOS = YES_AGGRESSIVE;
				GCC_WARN_UNUSED_FUNCTION = YES;
				GCC_WARN_UNUSED_VARIABLE = YES;
				IPHONEOS_DEPLOYMENT_TARGET = 9.0;
				MTL_ENABLE_DEBUG_INFO = YES;
				ONLY_ACTIVE_ARCH = YES;
				SDKROOT = iphoneos;
				SWIFT_ACTIVE_COMPILATION_CONDITIONS = DEBUG;
				SWIFT_OPTIMIZATION_LEVEL = "-Onone";
				TARGETED_DEVICE_FAMILY = "1,2";
			};
			name = Debug;
		};
		A578B8EC1E11167D00157A6B /* Release */ = {
			isa = XCBuildConfiguration;
			buildSettings = {
				ALWAYS_SEARCH_USER_PATHS = NO;
				CLANG_ANALYZER_NONNULL = YES;
				CLANG_CXX_LANGUAGE_STANDARD = "gnu++0x";
				CLANG_CXX_LIBRARY = "libc++";
				CLANG_ENABLE_MODULES = YES;
				CLANG_ENABLE_OBJC_ARC = YES;
				CLANG_WARN_BOOL_CONVERSION = YES;
				CLANG_WARN_CONSTANT_CONVERSION = YES;
				CLANG_WARN_DIRECT_OBJC_ISA_USAGE = YES_ERROR;
				CLANG_WARN_DOCUMENTATION_COMMENTS = YES;
				CLANG_WARN_EMPTY_BODY = YES;
				CLANG_WARN_ENUM_CONVERSION = YES;
				CLANG_WARN_INFINITE_RECURSION = YES;
				CLANG_WARN_INT_CONVERSION = YES;
				CLANG_WARN_OBJC_ROOT_CLASS = YES_ERROR;
				CLANG_WARN_SUSPICIOUS_MOVE = YES;
				CLANG_WARN_UNREACHABLE_CODE = YES;
				CLANG_WARN__DUPLICATE_METHOD_MATCH = YES;
				CODE_SIGN_IDENTITY = "iPhone Distribution: Naveed Ahmed (ANH9Q266BN)";
				"CODE_SIGN_IDENTITY[sdk=iphoneos*]" = "iPhone Distribution: Naveed Ahmed (ANH9Q266BN)";
				COPY_PHASE_STRIP = NO;
				DEBUG_INFORMATION_FORMAT = "dwarf-with-dsym";
				DEVELOPMENT_TEAM = ANH9Q266BN;
				ENABLE_NS_ASSERTIONS = NO;
				ENABLE_STRICT_OBJC_MSGSEND = YES;
				GCC_C_LANGUAGE_STANDARD = gnu99;
				GCC_NO_COMMON_BLOCKS = YES;
				GCC_WARN_64_TO_32_BIT_CONVERSION = YES;
				GCC_WARN_ABOUT_RETURN_TYPE = YES_ERROR;
				GCC_WARN_UNDECLARED_SELECTOR = YES;
				GCC_WARN_UNINITIALIZED_AUTOS = YES_AGGRESSIVE;
				GCC_WARN_UNUSED_FUNCTION = YES;
				GCC_WARN_UNUSED_VARIABLE = YES;
				IPHONEOS_DEPLOYMENT_TARGET = 9.0;
				MTL_ENABLE_DEBUG_INFO = NO;
				SDKROOT = iphoneos;
				SWIFT_OPTIMIZATION_LEVEL = "-Owholemodule";
				TARGETED_DEVICE_FAMILY = "1,2";
				VALIDATE_PRODUCT = YES;
			};
			name = Release;
		};
		A578B8EE1E11167D00157A6B /* Debug */ = {
			isa = XCBuildConfiguration;
			buildSettings = {
				ASSETCATALOG_COMPILER_APPICON_NAME = AppIcon;
				DEVELOPMENT_TEAM = ANH9Q266BN;
				INFOPLIST_FILE = "bonnie soundboard/Info.plist";
				IPHONEOS_DEPLOYMENT_TARGET = 9.0;
				LD_RUNPATH_SEARCH_PATHS = "$(inherited) @executable_path/Frameworks";
				PRODUCT_BUNDLE_IDENTIFIER = "com.sheztec.bonnie-soundboard";
				PRODUCT_NAME = "$(TARGET_NAME)";
				PROVISIONING_PROFILE = "6c0990a2-19ef-4c66-88db-0a46535b3802";
				PROVISIONING_PROFILE_SPECIFIER = "bonnie prov";
				SWIFT_VERSION = 3.0;
			};
			name = Debug;
		};
		A578B8EF1E11167D00157A6B /* Release */ = {
			isa = XCBuildConfiguration;
			buildSettings = {
				ASSETCATALOG_COMPILER_APPICON_NAME = AppIcon;
				DEVELOPMENT_TEAM = ANH9Q266BN;
				INFOPLIST_FILE = "bonnie soundboard/Info.plist";
				IPHONEOS_DEPLOYMENT_TARGET = 9.0;
				LD_RUNPATH_SEARCH_PATHS = "$(inherited) @executable_path/Frameworks";
				PRODUCT_BUNDLE_IDENTIFIER = "com.sheztec.bonnie-soundboard";
				PRODUCT_NAME = "$(TARGET_NAME)";
				PROVISIONING_PROFILE = "6c0990a2-19ef-4c66-88db-0a46535b3802";
				PROVISIONING_PROFILE_SPECIFIER = "bonnie prov";
				SWIFT_VERSION = 3.0;
			};
			name = Release;
		};
		A578B8F11E11167D00157A6B /* Debug */ = {
			isa = XCBuildConfiguration;
			buildSettings = {
				ALWAYS_EMBED_SWIFT_STANDARD_LIBRARIES = YES;
				BUNDLE_LOADER = "$(TEST_HOST)";
				INFOPLIST_FILE = "bonnie soundboardTests/Info.plist";
				LD_RUNPATH_SEARCH_PATHS = "$(inherited) @executable_path/Frameworks @loader_path/Frameworks";
				PRODUCT_BUNDLE_IDENTIFIER = "com.sheztec.bonnie-soundboardTests";
				PRODUCT_NAME = "$(TARGET_NAME)";
				SWIFT_VERSION = 3.0;
				TEST_HOST = "$(BUILT_PRODUCTS_DIR)/bonnie soundboard.app/bonnie soundboard";
			};
			name = Debug;
		};
		A578B8F21E11167D00157A6B /* Release */ = {
			isa = XCBuildConfiguration;
			buildSettings = {
				ALWAYS_EMBED_SWIFT_STANDARD_LIBRARIES = YES;
				BUNDLE_LOADER = "$(TEST_HOST)";
				INFOPLIST_FILE = "bonnie soundboardTests/Info.plist";
				LD_RUNPATH_SEARCH_PATHS = "$(inherited) @executable_path/Frameworks @loader_path/Frameworks";
				PRODUCT_BUNDLE_IDENTIFIER = "com.sheztec.bonnie-soundboardTests";
				PRODUCT_NAME = "$(TARGET_NAME)";
				SWIFT_VERSION = 3.0;
				TEST_HOST = "$(BUILT_PRODUCTS_DIR)/bonnie soundboard.app/bonnie soundboard";
			};
			name = Release;
		};
		A578B8F41E11167D00157A6B /* Debug */ = {
			isa = XCBuildConfiguration;
			buildSettings = {
				ALWAYS_EMBED_SWIFT_STANDARD_LIBRARIES = YES;
				INFOPLIST_FILE = "bonnie soundboardUITests/Info.plist";
				LD_RUNPATH_SEARCH_PATHS = "$(inherited) @executable_path/Frameworks @loader_path/Frameworks";
				PRODUCT_BUNDLE_IDENTIFIER = "com.sheztec.bonnie-soundboardUITests";
				PRODUCT_NAME = "$(TARGET_NAME)";
				SWIFT_VERSION = 3.0;
				TEST_TARGET_NAME = "bonnie soundboard";
			};
			name = Debug;
		};
		A578B8F51E11167D00157A6B /* Release */ = {
			isa = XCBuildConfiguration;
			buildSettings = {
				ALWAYS_EMBED_SWIFT_STANDARD_LIBRARIES = YES;
				INFOPLIST_FILE = "bonnie soundboardUITests/Info.plist";
				LD_RUNPATH_SEARCH_PATHS = "$(inherited) @executable_path/Frameworks @loader_path/Frameworks";
				PRODUCT_BUNDLE_IDENTIFIER = "com.sheztec.bonnie-soundboardUITests";
				PRODUCT_NAME = "$(TARGET_NAME)";
				SWIFT_VERSION = 3.0;
				TEST_TARGET_NAME = "bonnie soundboard";
			};
			name = Release;
		};
/* End XCBuildConfiguration section */

/* Begin XCConfigurationList section */
		A578B8C01E11167C00157A6B /* Build configuration list for PBXProject "bonnie soundboard" */ = {
			isa = XCConfigurationList;
			buildConfigurations = (
				A578B8EB1E11167D00157A6B /* Debug */,
				A578B8EC1E11167D00157A6B /* Release */,
			);
			defaultConfigurationIsVisible = 0;
			defaultConfigurationName = Release;
		};
		A578B8ED1E11167D00157A6B /* Build configuration list for PBXNativeTarget "bonnie soundboard" */ = {
			isa = XCConfigurationList;
			buildConfigurations = (
				A578B8EE1E11167D00157A6B /* Debug */,
				A578B8EF1E11167D00157A6B /* Release */,
			);
			defaultConfigurationIsVisible = 0;
			defaultConfigurationName = Release;
		};
		A578B8F01E11167D00157A6B /* Build configuration list for PBXNativeTarget "bonnie soundboardTests" */ = {
			isa = XCConfigurationList;
			buildConfigurations = (
				A578B8F11E11167D00157A6B /* Debug */,
				A578B8F21E11167D00157A6B /* Release */,
			);
			defaultConfigurationIsVisible = 0;
			defaultConfigurationName = Release;
		};
		A578B8F31E11167D00157A6B /* Build configuration list for PBXNativeTarget "bonnie soundboardUITests" */ = {
			isa = XCConfigurationList;
			buildConfigurations = (
				A578B8F41E11167D00157A6B /* Debug */,
				A578B8F51E11167D00157A6B /* Release */,
			);
			defaultConfigurationIsVisible = 0;
			defaultConfigurationName = Release;
		};
/* End XCConfigurationList section */
	};
	rootObject = A578B8BD1E11167C00157A6B /* Project object */;
}
